{
  "name": "immich-reconcile-assets-with-external-copy",
  "version": "0.1.0",
  "lockfileVersion": 3,
  "requires": true,
  "packages": {
    "": {
      "name": "immich-reconcile-assets-with-external-copy",
      "version": "0.1.0",
      "license": "MIT",
      "dependencies": {
        "@immich/sdk": "^1.138.1"
      }
    },
    "node_modules/@immich/sdk": {
      "version": "1.138.1",
      "resolved": "https://registry.npmjs.org/@immich/sdk/-/sdk-1.138.1.tgz",
      "integrity": "sha512-1n4YeqkM2wicaNKW3HoSKSEbM4o4GjVxKn57/DyJIQF+EreA4Pa0xs4VaWWbg7u6hjddTP2y50aWDFqamHFqFA==",
      "license": "GNU Affero General Public License version 3",
      "dependencies": {
        "@oazapfts/runtime": "^1.0.2"
      }
    },
    "node_modules/@oazapfts/runtime": {
      "version": "1.0.4",
      "resolved": "https://registry.npmjs.org/@oazapfts/runtime/-/runtime-1.0.4.tgz",
      "integrity": "sha512-7t6C2shug/6tZhQgkCa532oTYBLEnbASV/i1SG1rH2GB4h3aQQujYciYSPT92hvN4IwTe8S2hPkN/6iiOyTlCg==",
      "license": "MIT"
    }
  }
}
